
Microsoft Visual Studio Solution File, Format Version 12.00
# Visual Studio Version 16
VisualStudioVersion = 16.0.29613.14
MinimumVisualStudioVersion = 10.0.40219.1
Project("{FAE04EC0-301F-11D3-BF4B-00C04F79EFBC}") = "blazor", "src\blazor\blazor.csproj", "{B058979B-0A56-45B0-9C39-A02C2322AE11}"
EndProject
Global
	GlobalSection(SolutionConfigurationPlatforms) = preSolution
		Debug|Any CPU = Debug|Any CPU
		Release|Any CPU = Release|Any CPU
	EndGlobalSection
	GlobalSection(ProjectConfigurationPlatforms) = postSolution
		{B058979B-0A56-45B0-9C39-A02C2322AE11}.Debug|Any CPU.ActiveCfg = Debug|Any CPU
		{B058979B-0A56-45B0-9C39-A02C2322AE11}.Debug|Any CPU.Build.0 = Debug|Any CPU
		{B058979B-0A56-45B0-9C39-A02C2322AE11}.Release|Any CPU.ActiveCfg = Release|Any CPU
		{B058979B-0A56-45B0-9C39-A02C2322AE11}.Release|Any CPU.Build.0 = Release|Any CPU
	EndGlobalSection
	GlobalSection(SolutionProperties) = preSolution
		HideSolutionNode = FALSE
	EndGlobalSection
	GlobalSection(ExtensibilityGlobals) = postSolution
		SolutionGuid = {C23DB87C-8E4C-44EA-BB26-8D93FDBC0718}
	EndGlobalSection
EndGlobal
